# THIS IS AN AUTOGENERATED FILE. DO NOT EDIT THIS FILE DIRECTLY.
# yarn lockfile v1


confusing-browser-globals@^1.0.6:
  version "1.0.6"
  resolved "https://registry.yarnpkg.com/confusing-browser-globals/-/confusing-browser-globals-1.0.6.tgz#5918188e8244492cdd46d6be1cab60edef3063ce"
  integrity sha512-GzyX86c2TvaagAOR+lHL2Yq4T4EnoBcnojZBcNbxVKSunxmGTnioXHR5Mo2ha/XnCoQw8eurvj6Ta+SwPEPkKg==
