# THIS IS AN AUTOGENERATED FILE. DO NOT EDIT THIS FILE DIRECTLY.
# yarn lockfile v1


eslint-config-standard-jsx@^6.0.1:
  version "6.0.2"
  resolved "https://registry.yarnpkg.com/eslint-config-standard-jsx/-/eslint-config-standard-jsx-6.0.2.tgz#90c9aa16ac2c4f8970c13fc7efc608bacd02da70"
  integrity sha512-D+YWAoXw+2GIdbMBRAzWwr1ZtvnSf4n4yL0gKGg7ShUOGXkSOLerI17K4F6LdQMJPNMoWYqepzQD/fKY+tXNSg==

eslint-config-standard-react@^7.0.2:
  version "7.0.2"
  resolved "https://registry.yarnpkg.com/eslint-config-standard-react/-/eslint-config-standard-react-7.0.2.tgz#80b51a0e0c371ef987679ee134768457a5b6db92"
  integrity sha512-Zv/vubIfrwx4IbRXAggRjaswLXKdfFeuGfN365cVTaRmfpAy/7dIxMvJRZkUT99zEx8FOjTXL0KC4psfDjK/+w==
  dependencies:
    eslint-config-standard-jsx "^6.0.1"
